<?xml version="1.0" encoding="utf-8"?>
<Project ToolsVersion="4.0" xmlns="http://schemas.microsoft.com/developer/msbuild/2003">
  <ItemGroup>
    <Filter Include="Source Files">
      <UniqueIdentifier>{4FC737F1-C7A5-4376-A066-2A32D752A2FF}</UniqueIdentifier>
      <Extensions>cpp;c;cc;cxx;def;odl;idl;hpj;bat;asm;asmx</Extensions>
    </Filter>
    <Filter Include="Header Files">
      <UniqueIdentifier>{93995380-89BD-4b04-88EB-625FBE52EBFB}</UniqueIdentifier>
      <Extensions>h;hpp;hxx;hm;inl;inc;xsd</Extensions>
    </Filter>
    <Filter Include="Resource Files">
      <UniqueIdentifier>{67DA6AB6-F800-4c08-8B7A-83BB121AAD01}</UniqueIdentifier>
      <Extensions>rc;ico;cur;bmp;dlg;rc2;rct;bin;rgs;gif;jpg;jpeg;jpe;resx;tiff;tif;png;wav</Extensions>
    </Filter>
  </ItemGroup>
  <ItemGroup>
    <ClCompile Include="..\source\_Math.cpp">
      <Filter>Source Files</Filter>
    </ClCompile>
    <ClCompile Include="..\source\audio.cpp">
      <Filter>Source Files</Filter>
    </ClCompile>
    <ClCompile Include="..\source\Camera.cpp">
      <Filter>Source Files</Filter>
    </ClCompile>
    <ClCompile Include="..\source\Console.cpp">
      <Filter>Source Files</Filter>
    </ClCompile>
    <ClCompile Include="..\source\Engine2D.cpp">
      <Filter>Source Files</Filter>
    </ClCompile>
    <ClCompile Include="..\source\Entity.cpp">
      <Filter>Source Files</Filter>
    </ClCompile>
    <ClCompile Include="..\source\Font.cpp">
      <Filter>Source Files</Filter>
    </ClCompile>
    <ClCompile Include="..\source\Input.cpp">
      <Filter>Source Files</Filter>
    </ClCompile>
    <ClCompile Include="..\source\Light.cpp">
      <Filter>Source Files</Filter>
    </ClCompile>
    <ClCompile Include="..\source\Mesh.cpp">
      <Filter>Source Files</Filter>
    </ClCompile>
    <ClCompile Include="..\source\ParticleEmitter.cpp">
      <Filter>Source Files</Filter>
    </ClCompile>
    <ClCompile Include="..\source\Rect.cpp">
      <Filter>Source Files</Filter>
    </ClCompile>
    <ClCompile Include="..\source\Script.cpp">
      <Filter>Source Files</Filter>
    </ClCompile>
    <ClCompile Include="..\source\Sprite.cpp">
      <Filter>Source Files</Filter>
    </ClCompile>
    <ClCompile Include="..\source\Texture.cpp">
      <Filter>Source Files</Filter>
    </ClCompile>
    <ClCompile Include="..\source\Timer.cpp">
      <Filter>Source Files</Filter>
    </ClCompile>
    <ClCompile Include="..\source\Vector3.cpp">
      <Filter>Source Files</Filter>
    </ClCompile>
    <ClCompile Include="..\source\winmain.cpp">
      <Filter>Source Files</Filter>
    </ClCompile>
  </ItemGroup>
  <ItemGroup>
    <ClInclude Include="..\headers\_Math.h">
      <Filter>Header Files</Filter>
    </ClInclude>
    <ClInclude Include="..\headers\Audio.h">
      <Filter>Header Files</Filter>
    </ClInclude>
    <ClInclude Include="..\headers\Camera.h">
      <Filter>Header Files</Filter>
    </ClInclude>
    <ClInclude Include="..\headers\Console.h">
      <Filter>Header Files</Filter>
    </ClInclude>
    <ClInclude Include="..\headers\Engine2D.h">
      <Filter>Header Files</Filter>
    </ClInclude>
    <ClInclude Include="..\headers\Entity.h">
      <Filter>Header Files</Filter>
    </ClInclude>
    <ClInclude Include="..\headers\fmod.h">
      <Filter>Header Files</Filter>
    </ClInclude>
    <ClInclude Include="..\headers\fmod.hpp">
      <Filter>Header Files</Filter>
    </ClInclude>
    <ClInclude Include="..\headers\fmod_codec.h">
      <Filter>Header Files</Filter>
    </ClInclude>
    <ClInclude Include="..\headers\fmod_dsp.h">
      <Filter>Header Files</Filter>
    </ClInclude>
    <ClInclude Include="..\headers\fmod_errors.h">
      <Filter>Header Files</Filter>
    </ClInclude>
    <ClInclude Include="..\headers\fmod_output.h">
      <Filter>Header Files</Filter>
    </ClInclude>
    <ClInclude Include="..\headers\Font.h">
      <Filter>Header Files</Filter>
    </ClInclude>
    <ClInclude Include="..\headers\Input.h">
      <Filter>Header Files</Filter>
    </ClInclude>
    <ClInclude Include="..\headers\lauxlib.h">
      <Filter>Header Files</Filter>
    </ClInclude>
    <ClInclude Include="..\headers\Light.h">
      <Filter>Header Files</Filter>
    </ClInclude>
    <ClInclude Include="..\headers\lua.h">
      <Filter>Header Files</Filter>
    </ClInclude>
    <ClInclude Include="..\headers\lua.hpp">
      <Filter>Header Files</Filter>
    </ClInclude>
    <ClInclude Include="..\headers\luaconf.h">
      <Filter>Header Files</Filter>
    </ClInclude>
    <ClInclude Include="..\headers\lualib.h">
      <Filter>Header Files</Filter>
    </ClInclude>
    <ClInclude Include="..\headers\Mesh.h">
      <Filter>Header Files</Filter>
    </ClInclude>
    <ClInclude Include="..\headers\ParticleEmitter.h">
      <Filter>Header Files</Filter>
    </ClInclude>
    <ClInclude Include="..\headers\Rect.h">
      <Filter>Header Files</Filter>
    </ClInclude>
    <ClInclude Include="..\headers\Script.h">
      <Filter>Header Files</Filter>
    </ClInclude>
    <ClInclude Include="..\headers\Sprite.h">
      <Filter>Header Files</Filter>
    </ClInclude>
    <ClInclude Include="..\headers\Texture.h">
      <Filter>Header Files</Filter>
    </ClInclude>
    <ClInclude Include="..\headers\Timer.h">
      <Filter>Header Files</Filter>
    </ClInclude>
    <ClInclude Include="..\headers\Vector3.h">
      <Filter>Header Files</Filter>
    </ClInclude>
    <ClInclude Include="..\headers\winmain.h">
      <Filter>Header Files</Filter>
    </ClInclude>
  </ItemGroup>
  <ItemGroup>
    <None Include="ReadMe.txt" />
  </ItemGroup>
</Project>